PODS:
  - RxCocoa (4.2.0):
    - RxSwift (~> 4.0)
  - RxStoreKit (1.2.2):
    - RxCocoa (~> 4.2.0)
    - RxSwift (~> 4.2.0)
  - RxSwift (4.2.0)

DEPENDENCIES:
  - RxStoreKit (from `../`)

SPEC REPOS:
  https://github.com/cocoapods/specs.git:
    - RxCocoa
    - RxSwift

EXTERNAL SOURCES:
  RxStoreKit:
    :path: "../"

SPEC CHECKSUMS:
  RxCocoa: 0b54909c902e1e581212a03e690bbd94032d8baa
  RxStoreKit: ccab4c48253e060e98d8048e76795eb753377949
  RxSwift: 99e10317ddfcc7fbe01356aafd118fde4a0be104

PODFILE CHECKSUM: e1d5d3ef6890fc1de58f53a3ed76b94c906a9505

COCOAPODS: 1.5.3
