// !$*UTF8*$!
{
	archiveVersion = 1;
	classes = {
	};
	objectVersion = 46;
	objects = {

/* Begin PBXBuildFile section */
		8EADF10C1FE5F1310012E4EC /* SKReceiptRefreshRequest+Rx.swift in Sources */ = {isa = PBXBuildFile; fileRef = 8EADF10A1FE5F1310012E4EC /* SKReceiptRefreshRequest+Rx.swift */; };
		8EADF10D1FE5F1310012E4EC /* SKReceiptRefreshRequestDelegateProxy.swift in Sources */ = {isa = PBXBuildFile; fileRef = 8EADF10B1FE5F1310012E4EC /* SKReceiptRefreshRequestDelegateProxy.swift */; };
		DAE432571EFA10390025C54B /* RxSKPaymentTransactionObserver.swift in Sources */ = {isa = PBXBuildFile; fileRef = DAE4324E1EFA10390025C54B /* RxSKPaymentTransactionObserver.swift */; };
		DAE432581EFA10390025C54B /* RxStoreKit.h in Headers */ = {isa = PBXBuildFile; fileRef = DAE4324F1EFA10390025C54B /* RxStoreKit.h */; settings = {ATTRIBUTES = (Public, ); }; };
		DAE432591EFA10390025C54B /* SKPaymentQueue+Rx.swift in Sources */ = {isa = PBXBuildFile; fileRef = DAE432501EFA10390025C54B /* SKPaymentQueue+Rx.swift */; };
		DAE4325A1EFA10390025C54B /* SKProductsRequest+Rx.swift in Sources */ = {isa = PBXBuildFile; fileRef = DAE432511EFA10390025C54B /* SKProductsRequest+Rx.swift */; };
		DAE4325B1EFA10390025C54B /* SKProductsRequestDelegateProxy.swift in Sources */ = {isa = PBXBuildFile; fileRef = DAE432521EFA10390025C54B /* SKProductsRequestDelegateProxy.swift */; };
		DAE432751EFA13D90025C54B /* Tests.swift in Sources */ = {isa = PBXBuildFile; fileRef = DAE432741EFA13D90025C54B /* Tests.swift */; };
		DAE432771EFA13D90025C54B /* RxStoreKit.framework in Frameworks */ = {isa = PBXBuildFile; fileRef = DAE432261EFA02FC0025C54B /* RxStoreKit.framework */; };
		E20EE786B73622AFB8D9E972 /* Pods_RxStoreKit.framework in Frameworks */ = {isa = PBXBuildFile; fileRef = B1012B5A83468CA630D1F4F1 /* Pods_RxStoreKit.framework */; };
/* End PBXBuildFile section */

/* Begin PBXContainerItemProxy section */
		DAE432781EFA13D90025C54B /* PBXContainerItemProxy */ = {
			isa = PBXContainerItemProxy;
			containerPortal = DAE4321D1EFA02FC0025C54B /* Project object */;
			proxyType = 1;
			remoteGlobalIDString = DAE432251EFA02FC0025C54B;
			remoteInfo = RxStoreKit;
		};
/* End PBXContainerItemProxy section */

/* Begin PBXFileReference section */
		0509142AF4620A75035951E0 /* Pods-RxStoreKit.debug.xcconfig */ = {isa = PBXFileReference; includeInIndex = 1; lastKnownFileType = text.xcconfig; name = "Pods-RxStoreKit.debug.xcconfig"; path = "Pods/Target Support Files/Pods-RxStoreKit/Pods-RxStoreKit.debug.xcconfig"; sourceTree = "<group>"; };
		3A2BBEE2898F1BBB4BD00AE2 /* Pods_RxStoreKitTests.framework */ = {isa = PBXFileReference; explicitFileType = wrapper.framework; includeInIndex = 0; path = Pods_RxStoreKitTests.framework; sourceTree = BUILT_PRODUCTS_DIR; };
		8EADF10A1FE5F1310012E4EC /* SKReceiptRefreshRequest+Rx.swift */ = {isa = PBXFileReference; fileEncoding = 4; lastKnownFileType = sourcecode.swift; path = "SKReceiptRefreshRequest+Rx.swift"; sourceTree = "<group>"; };
		8EADF10B1FE5F1310012E4EC /* SKReceiptRefreshRequestDelegateProxy.swift */ = {isa = PBXFileReference; fileEncoding = 4; lastKnownFileType = sourcecode.swift; path = SKReceiptRefreshRequestDelegateProxy.swift; sourceTree = "<group>"; };
		B1012B5A83468CA630D1F4F1 /* Pods_RxStoreKit.framework */ = {isa = PBXFileReference; explicitFileType = wrapper.framework; includeInIndex = 0; path = Pods_RxStoreKit.framework; sourceTree = BUILT_PRODUCTS_DIR; };
		C9A85FB6C707F760F3EF0D2D /* Pods-RxStoreKitTests.debug.xcconfig */ = {isa = PBXFileReference; includeInIndex = 1; lastKnownFileType = text.xcconfig; name = "Pods-RxStoreKitTests.debug.xcconfig"; path = "Pods/Target Support Files/Pods-RxStoreKitTests/Pods-RxStoreKitTests.debug.xcconfig"; sourceTree = "<group>"; };
		CAA8A880D2804FD12EE26E0F /* Pods-RxStoreKit.release.xcconfig */ = {isa = PBXFileReference; includeInIndex = 1; lastKnownFileType = text.xcconfig; name = "Pods-RxStoreKit.release.xcconfig"; path = "Pods/Target Support Files/Pods-RxStoreKit/Pods-RxStoreKit.release.xcconfig"; sourceTree = "<group>"; };
		DAE432261EFA02FC0025C54B /* RxStoreKit.framework */ = {isa = PBXFileReference; explicitFileType = wrapper.framework; includeInIndex = 0; path = RxStoreKit.framework; sourceTree = BUILT_PRODUCTS_DIR; };
		DAE4324D1EFA10390025C54B /* Info.plist */ = {isa = PBXFileReference; fileEncoding = 4; lastKnownFileType = text.plist.xml; path = Info.plist; sourceTree = "<group>"; };
		DAE4324E1EFA10390025C54B /* RxSKPaymentTransactionObserver.swift */ = {isa = PBXFileReference; fileEncoding = 4; lastKnownFileType = sourcecode.swift; path = RxSKPaymentTransactionObserver.swift; sourceTree = "<group>"; };
		DAE4324F1EFA10390025C54B /* RxStoreKit.h */ = {isa = PBXFileReference; fileEncoding = 4; lastKnownFileType = sourcecode.c.h; path = RxStoreKit.h; sourceTree = "<group>"; };
		DAE432501EFA10390025C54B /* SKPaymentQueue+Rx.swift */ = {isa = PBXFileReference; fileEncoding = 4; lastKnownFileType = sourcecode.swift; path = "SKPaymentQueue+Rx.swift"; sourceTree = "<group>"; };
		DAE432511EFA10390025C54B /* SKProductsRequest+Rx.swift */ = {isa = PBXFileReference; fileEncoding = 4; lastKnownFileType = sourcecode.swift; path = "SKProductsRequest+Rx.swift"; sourceTree = "<group>"; };
		DAE432521EFA10390025C54B /* SKProductsRequestDelegateProxy.swift */ = {isa = PBXFileReference; fileEncoding = 4; lastKnownFileType = sourcecode.swift; path = SKProductsRequestDelegateProxy.swift; sourceTree = "<group>"; };
		DAE432721EFA13D80025C54B /* Tests.xctest */ = {isa = PBXFileReference; explicitFileType = wrapper.cfbundle; includeInIndex = 0; path = Tests.xctest; sourceTree = BUILT_PRODUCTS_DIR; };
		DAE432741EFA13D90025C54B /* Tests.swift */ = {isa = PBXFileReference; lastKnownFileType = sourcecode.swift; path = Tests.swift; sourceTree = "<group>"; };
		DAE432761EFA13D90025C54B /* Info.plist */ = {isa = PBXFileReference; lastKnownFileType = text.plist.xml; path = Info.plist; sourceTree = "<group>"; };
		F2E02EB70C35B3E91D2926EF /* Pods-RxStoreKitTests.release.xcconfig */ = {isa = PBXFileReference; includeInIndex = 1; lastKnownFileType = text.xcconfig; name = "Pods-RxStoreKitTests.release.xcconfig"; path = "Pods/Target Support Files/Pods-RxStoreKitTests/Pods-RxStoreKitTests.release.xcconfig"; sourceTree = "<group>"; };
/* End PBXFileReference section */

/* Begin PBXFrameworksBuildPhase section */
		DAE432221EFA02FC0025C54B /* Frameworks */ = {
			isa = PBXFrameworksBuildPhase;
			buildActionMask = 2147483647;
			files = (
				E20EE786B73622AFB8D9E972 /* Pods_RxStoreKit.framework in Frameworks */,
			);
			runOnlyForDeploymentPostprocessing = 0;
		};
		DAE4326F1EFA13D80025C54B /* Frameworks */ = {
			isa = PBXFrameworksBuildPhase;
			buildActionMask = 2147483647;
			files = (
				DAE432771EFA13D90025C54B /* RxStoreKit.framework in Frameworks */,
			);
			runOnlyForDeploymentPostprocessing = 0;
		};
/* End PBXFrameworksBuildPhase section */

/* Begin PBXGroup section */
		7A88561BAF1573FC84CCE282 /* Pods */ = {
			isa = PBXGroup;
			children = (
				0509142AF4620A75035951E0 /* Pods-RxStoreKit.debug.xcconfig */,
				CAA8A880D2804FD12EE26E0F /* Pods-RxStoreKit.release.xcconfig */,
				C9A85FB6C707F760F3EF0D2D /* Pods-RxStoreKitTests.debug.xcconfig */,
				F2E02EB70C35B3E91D2926EF /* Pods-RxStoreKitTests.release.xcconfig */,
			);
			name = Pods;
			sourceTree = "<group>";
		};
		AE5C3E73D84E71A44A5A7ABE /* Frameworks */ = {
			isa = PBXGroup;
			children = (
				B1012B5A83468CA630D1F4F1 /* Pods_RxStoreKit.framework */,
				3A2BBEE2898F1BBB4BD00AE2 /* Pods_RxStoreKitTests.framework */,
			);
			name = Frameworks;
			sourceTree = "<group>";
		};
		DAE4321C1EFA02FC0025C54B = {
			isa = PBXGroup;
			children = (
				DAE4324C1EFA10390025C54B /* Sources */,
				DAE432731EFA13D90025C54B /* Tests */,
				DAE432271EFA02FC0025C54B /* Products */,
				7A88561BAF1573FC84CCE282 /* Pods */,
				AE5C3E73D84E71A44A5A7ABE /* Frameworks */,
			);
			sourceTree = "<group>";
		};
		DAE432271EFA02FC0025C54B /* Products */ = {
			isa = PBXGroup;
			children = (
				DAE432261EFA02FC0025C54B /* RxStoreKit.framework */,
				DAE432721EFA13D80025C54B /* Tests.xctest */,
			);
			name = Products;
			sourceTree = "<group>";
		};
		DAE4324C1EFA10390025C54B /* Sources */ = {
			isa = PBXGroup;
			children = (
				DAE4324D1EFA10390025C54B /* Info.plist */,
				DAE4324E1EFA10390025C54B /* RxSKPaymentTransactionObserver.swift */,
				DAE4324F1EFA10390025C54B /* RxStoreKit.h */,
				DAE432501EFA10390025C54B /* SKPaymentQueue+Rx.swift */,
				DAE432511EFA10390025C54B /* SKProductsRequest+Rx.swift */,
				8EADF10A1FE5F1310012E4EC /* SKReceiptRefreshRequest+Rx.swift */,
				DAE432521EFA10390025C54B /* SKProductsRequestDelegateProxy.swift */,
				8EADF10B1FE5F1310012E4EC /* SKReceiptRefreshRequestDelegateProxy.swift */,
			);
			path = Sources;
			sourceTree = "<group>";
		};
		DAE432731EFA13D90025C54B /* Tests */ = {
			isa = PBXGroup;
			children = (
				DAE432741EFA13D90025C54B /* Tests.swift */,
				DAE432761EFA13D90025C54B /* Info.plist */,
			);
			path = Tests;
			sourceTree = "<group>";
		};
/* End PBXGroup section */

/* Begin PBXHeadersBuildPhase section */
		DAE432231EFA02FC0025C54B /* Headers */ = {
			isa = PBXHeadersBuildPhase;
			buildActionMask = 2147483647;
			files = (
				DAE432581EFA10390025C54B /* RxStoreKit.h in Headers */,
			);
			runOnlyForDeploymentPostprocessing = 0;
		};
/* End PBXHeadersBuildPhase section */

/* Begin PBXNativeTarget section */
		DAE432251EFA02FC0025C54B /* RxStoreKit */ = {
			isa = PBXNativeTarget;
			buildConfigurationList = DAE4323A1EFA02FD0025C54B /* Build configuration list for PBXNativeTarget "RxStoreKit" */;
			buildPhases = (
				F795DC4C926C42B585C12E6E /* [CP] Check Pods Manifest.lock */,
				DAE432211EFA02FC0025C54B /* Sources */,
				DAE432221EFA02FC0025C54B /* Frameworks */,
				DAE432231EFA02FC0025C54B /* Headers */,
				DAE432241EFA02FC0025C54B /* Resources */,
				44EA8191CCC844B846B482D2 /* [CP] Copy Pods Resources */,
			);
			buildRules = (
			);
			dependencies = (
			);
			name = RxStoreKit;
			productName = RxStoreKit;
			productReference = DAE432261EFA02FC0025C54B /* RxStoreKit.framework */;
			productType = "com.apple.product-type.framework";
		};
		DAE432711EFA13D80025C54B /* Tests */ = {
			isa = PBXNativeTarget;
			buildConfigurationList = DAE4327A1EFA13D90025C54B /* Build configuration list for PBXNativeTarget "Tests" */;
			buildPhases = (
				DAE4326E1EFA13D80025C54B /* Sources */,
				DAE4326F1EFA13D80025C54B /* Frameworks */,
				DAE432701EFA13D80025C54B /* Resources */,
			);
			buildRules = (
			);
			dependencies = (
				DAE432791EFA13D90025C54B /* PBXTargetDependency */,
			);
			name = Tests;
			productName = Tests;
			productReference = DAE432721EFA13D80025C54B /* Tests.xctest */;
			productType = "com.apple.product-type.bundle.unit-test";
		};
/* End PBXNativeTarget section */

/* Begin PBXProject section */
		DAE4321D1EFA02FC0025C54B /* Project object */ = {
			isa = PBXProject;
			attributes = {
				LastSwiftUpdateCheck = 0830;
				LastUpgradeCheck = 0900;
				ORGANIZATIONNAME = "Taisuke Fujita";
				TargetAttributes = {
					DAE432251EFA02FC0025C54B = {
						CreatedOnToolsVersion = 8.3.3;
						DevelopmentTeam = HUVJ3972SJ;
						LastSwiftMigration = 0830;
						ProvisioningStyle = Automatic;
					};
					DAE432711EFA13D80025C54B = {
						CreatedOnToolsVersion = 8.3.3;
						ProvisioningStyle = Automatic;
					};
				};
			};
			buildConfigurationList = DAE432201EFA02FC0025C54B /* Build configuration list for PBXProject "RxStoreKit" */;
			compatibilityVersion = "Xcode 3.2";
			developmentRegion = English;
			hasScannedForEncodings = 0;
			knownRegions = (
				en,
			);
			mainGroup = DAE4321C1EFA02FC0025C54B;
			productRefGroup = DAE432271EFA02FC0025C54B /* Products */;
			projectDirPath = "";
			projectRoot = "";
			targets = (
				DAE432251EFA02FC0025C54B /* RxStoreKit */,
				DAE432711EFA13D80025C54B /* Tests */,
			);
		};
/* End PBXProject section */

/* Begin PBXResourcesBuildPhase section */
		DAE432241EFA02FC0025C54B /* Resources */ = {
			isa = PBXResourcesBuildPhase;
			buildActionMask = 2147483647;
			files = (
			);
			runOnlyForDeploymentPostprocessing = 0;
		};
		DAE432701EFA13D80025C54B /* Resources */ = {
			isa = PBXResourcesBuildPhase;
			buildActionMask = 2147483647;
			files = (
			);
			runOnlyForDeploymentPostprocessing = 0;
		};
/* End PBXResourcesBuildPhase section */

/* Begin PBXShellScriptBuildPhase section */
		44EA8191CCC844B846B482D2 /* [CP] Copy Pods Resources */ = {
			isa = PBXShellScriptBuildPhase;
			buildActionMask = 2147483647;
			files = (
			);
			inputPaths = (
			);
			name = "[CP] Copy Pods Resources";
			outputPaths = (
			);
			runOnlyForDeploymentPostprocessing = 0;
			shellPath = /bin/sh;
			shellScript = "\"${SRCROOT}/Pods/Target Support Files/Pods-RxStoreKit/Pods-RxStoreKit-resources.sh\"\n";
			showEnvVarsInLog = 0;
		};
		F795DC4C926C42B585C12E6E /* [CP] Check Pods Manifest.lock */ = {
			isa = PBXShellScriptBuildPhase;
			buildActionMask = 2147483647;
			files = (
			);
			inputPaths = (
			);
			name = "[CP] Check Pods Manifest.lock";
			outputPaths = (
			);
			runOnlyForDeploymentPostprocessing = 0;
			shellPath = /bin/sh;
			shellScript = "diff \"${PODS_PODFILE_DIR_PATH}/Podfile.lock\" \"${PODS_ROOT}/Manifest.lock\" > /dev/null\nif [ $? != 0 ] ; then\n    # print error to STDERR\n    echo \"error: The sandbox is not in sync with the Podfile.lock. Run 'pod install' or update your CocoaPods installation.\" >&2\n    exit 1\nfi\n";
			showEnvVarsInLog = 0;
		};
/* End PBXShellScriptBuildPhase section */

/* Begin PBXSourcesBuildPhase section */
		DAE432211EFA02FC0025C54B /* Sources */ = {
			isa = PBXSourcesBuildPhase;
			buildActionMask = 2147483647;
			files = (
				8EADF10D1FE5F1310012E4EC /* SKReceiptRefreshRequestDelegateProxy.swift in Sources */,
				DAE432591EFA10390025C54B /* SKPaymentQueue+Rx.swift in Sources */,
				DAE4325A1EFA10390025C54B /* SKProductsRequest+Rx.swift in Sources */,
				DAE432571EFA10390025C54B /* RxSKPaymentTransactionObserver.swift in Sources */,
				DAE4325B1EFA10390025C54B /* SKProductsRequestDelegateProxy.swift in Sources */,
				8EADF10C1FE5F1310012E4EC /* SKReceiptRefreshRequest+Rx.swift in Sources */,
			);
			runOnlyForDeploymentPostprocessing = 0;
		};
		DAE4326E1EFA13D80025C54B /* Sources */ = {
			isa = PBXSourcesBuildPhase;
			buildActionMask = 2147483647;
			files = (
				DAE432751EFA13D90025C54B /* Tests.swift in Sources */,
			);
			runOnlyForDeploymentPostprocessing = 0;
		};
/* End PBXSourcesBuildPhase section */

/* Begin PBXTargetDependency section */
		DAE432791EFA13D90025C54B /* PBXTargetDependency */ = {
			isa = PBXTargetDependency;
			target = DAE432251EFA02FC0025C54B /* RxStoreKit */;
			targetProxy = DAE432781EFA13D90025C54B /* PBXContainerItemProxy */;
		};
/* End PBXTargetDependency section */

/* Begin XCBuildConfiguration section */
		DAE432381EFA02FD0025C54B /* Debug */ = {
			isa = XCBuildConfiguration;
			buildSettings = {
				ALWAYS_SEARCH_USER_PATHS = NO;
				CLANG_ANALYZER_NONNULL = YES;
				CLANG_ANALYZER_NUMBER_OBJECT_CONVERSION = YES_AGGRESSIVE;
				CLANG_CXX_LANGUAGE_STANDARD = "gnu++0x";
				CLANG_CXX_LIBRARY = "libc++";
				CLANG_ENABLE_MODULES = YES;
				CLANG_ENABLE_OBJC_ARC = YES;
				CLANG_WARN_BLOCK_CAPTURE_AUTORELEASING = YES;
				CLANG_WARN_BOOL_CONVERSION = YES;
				CLANG_WARN_COMMA = YES;
				CLANG_WARN_CONSTANT_CONVERSION = YES;
				CLANG_WARN_DIRECT_OBJC_ISA_USAGE = YES_ERROR;
				CLANG_WARN_DOCUMENTATION_COMMENTS = YES;
				CLANG_WARN_EMPTY_BODY = YES;
				CLANG_WARN_ENUM_CONVERSION = YES;
				CLANG_WARN_INFINITE_RECURSION = YES;
				CLANG_WARN_INT_CONVERSION = YES;
				CLANG_WARN_NON_LITERAL_NULL_CONVERSION = YES;
				CLANG_WARN_OBJC_LITERAL_CONVERSION = YES;
				CLANG_WARN_OBJC_ROOT_CLASS = YES_ERROR;
				CLANG_WARN_RANGE_LOOP_ANALYSIS = YES;
				CLANG_WARN_STRICT_PROTOTYPES = YES;
				CLANG_WARN_SUSPICIOUS_MOVE = YES;
				CLANG_WARN_UNREACHABLE_CODE = YES;
				CLANG_WARN__DUPLICATE_METHOD_MATCH = YES;
				"CODE_SIGN_IDENTITY[sdk=iphoneos*]" = "iPhone Developer";
				COPY_PHASE_STRIP = NO;
				CURRENT_PROJECT_VERSION = 1;
				DEBUG_INFORMATION_FORMAT = dwarf;
				ENABLE_STRICT_OBJC_MSGSEND = YES;
				ENABLE_TESTABILITY = YES;
				GCC_C_LANGUAGE_STANDARD = gnu99;
				GCC_DYNAMIC_NO_PIC = NO;
				GCC_NO_COMMON_BLOCKS = YES;
				GCC_OPTIMIZATION_LEVEL = 0;
				GCC_PREPROCESSOR_DEFINITIONS = (
					"DEBUG=1",
					"$(inherited)",
				);
				GCC_WARN_64_TO_32_BIT_CONVERSION = YES;
				GCC_WARN_ABOUT_RETURN_TYPE = YES_ERROR;
				GCC_WARN_UNDECLARED_SELECTOR = YES;
				GCC_WARN_UNINITIALIZED_AUTOS = YES_AGGRESSIVE;
				GCC_WARN_UNUSED_FUNCTION = YES;
				GCC_WARN_UNUSED_VARIABLE = YES;
				IPHONEOS_DEPLOYMENT_TARGET = 9.0;
				MTL_ENABLE_DEBUG_INFO = YES;
				ONLY_ACTIVE_ARCH = YES;
				SDKROOT = iphoneos;
				SWIFT_ACTIVE_COMPILATION_CONDITIONS = DEBUG;
				SWIFT_OPTIMIZATION_LEVEL = "-Onone";
				TARGETED_DEVICE_FAMILY = "1,2";
				VERSIONING_SYSTEM = "apple-generic";
				VERSION_INFO_PREFIX = "";
			};
			name = Debug;
		};
		DAE432391EFA02FD0025C54B /* Release */ = {
			isa = XCBuildConfiguration;
			buildSettings = {
				ALWAYS_SEARCH_USER_PATHS = NO;
				CLANG_ANALYZER_NONNULL = YES;
				CLANG_ANALYZER_NUMBER_OBJECT_CONVERSION = YES_AGGRESSIVE;
				CLANG_CXX_LANGUAGE_STANDARD = "gnu++0x";
				CLANG_CXX_LIBRARY = "libc++";
				CLANG_ENABLE_MODULES = YES;
				CLANG_ENABLE_OBJC_ARC = YES;
				CLANG_WARN_BLOCK_CAPTURE_AUTORELEASING = YES;
				CLANG_WARN_BOOL_CONVERSION = YES;
				CLANG_WARN_COMMA = YES;
				CLANG_WARN_CONSTANT_CONVERSION = YES;
				CLANG_WARN_DIRECT_OBJC_ISA_USAGE = YES_ERROR;
				CLANG_WARN_DOCUMENTATION_COMMENTS = YES;
				CLANG_WARN_EMPTY_BODY = YES;
				CLANG_WARN_ENUM_CONVERSION = YES;
				CLANG_WARN_INFINITE_RECURSION = YES;
				CLANG_WARN_INT_CONVERSION = YES;
				CLANG_WARN_NON_LITERAL_NULL_CONVERSION = YES;
				CLANG_WARN_OBJC_LITERAL_CONVERSION = YES;
				CLANG_WARN_OBJC_ROOT_CLASS = YES_ERROR;
				CLANG_WARN_RANGE_LOOP_ANALYSIS = YES;
				CLANG_WARN_STRICT_PROTOTYPES = YES;
				CLANG_WARN_SUSPICIOUS_MOVE = YES;
				CLANG_WARN_UNREACHABLE_CODE = YES;
				CLANG_WARN__DUPLICATE_METHOD_MATCH = YES;
				"CODE_SIGN_IDENTITY[sdk=iphoneos*]" = "iPhone Developer";
				COPY_PHASE_STRIP = NO;
				CURRENT_PROJECT_VERSION = 1;
				DEBUG_INFORMATION_FORMAT = "dwarf-with-dsym";
				ENABLE_NS_ASSERTIONS = NO;
				ENABLE_STRICT_OBJC_MSGSEND = YES;
				GCC_C_LANGUAGE_STANDARD = gnu99;
				GCC_NO_COMMON_BLOCKS = YES;
				GCC_WARN_64_TO_32_BIT_CONVERSION = YES;
				GCC_WARN_ABOUT_RETURN_TYPE = YES_ERROR;
				GCC_WARN_UNDECLARED_SELECTOR = YES;
				GCC_WARN_UNINITIALIZED_AUTOS = YES_AGGRESSIVE;
				GCC_WARN_UNUSED_FUNCTION = YES;
				GCC_WARN_UNUSED_VARIABLE = YES;
				IPHONEOS_DEPLOYMENT_TARGET = 9.0;
				MTL_ENABLE_DEBUG_INFO = NO;
				SDKROOT = iphoneos;
				SWIFT_OPTIMIZATION_LEVEL = "-Owholemodule";
				TARGETED_DEVICE_FAMILY = "1,2";
				VALIDATE_PRODUCT = YES;
				VERSIONING_SYSTEM = "apple-generic";
				VERSION_INFO_PREFIX = "";
			};
			name = Release;
		};
		DAE4323B1EFA02FD0025C54B /* Debug */ = {
			isa = XCBuildConfiguration;
			baseConfigurationReference = 0509142AF4620A75035951E0 /* Pods-RxStoreKit.debug.xcconfig */;
			buildSettings = {
				CLANG_ENABLE_MODULES = YES;
				CODE_SIGN_IDENTITY = "";
				"CODE_SIGN_IDENTITY[sdk=iphoneos*]" = "iPhone Developer";
				DEFINES_MODULE = YES;
				DEVELOPMENT_TEAM = HUVJ3972SJ;
				DYLIB_COMPATIBILITY_VERSION = 1;
				DYLIB_CURRENT_VERSION = 1;
				DYLIB_INSTALL_NAME_BASE = "@rpath";
				INFOPLIST_FILE = "$(SRCROOT)/Sources/Info.plist";
				INSTALL_PATH = "$(LOCAL_LIBRARY_DIR)/Frameworks";
				LD_RUNPATH_SEARCH_PATHS = "$(inherited) @executable_path/Frameworks @loader_path/Frameworks";
				PRODUCT_BUNDLE_IDENTIFIER = com.9revolution9.RxStoreKit;
				PRODUCT_NAME = "$(TARGET_NAME)";
				SKIP_INSTALL = YES;
				SWIFT_OPTIMIZATION_LEVEL = "-Onone";
				SWIFT_VERSION = 5.0;
			};
			name = Debug;
		};
		DAE4323C1EFA02FD0025C54B /* Release */ = {
			isa = XCBuildConfiguration;
			baseConfigurationReference = CAA8A880D2804FD12EE26E0F /* Pods-RxStoreKit.release.xcconfig */;
			buildSettings = {
				CLANG_ENABLE_MODULES = YES;
				CODE_SIGN_IDENTITY = "";
				DEFINES_MODULE = YES;
				DEVELOPMENT_TEAM = HUVJ3972SJ;
				DYLIB_COMPATIBILITY_VERSION = 1;
				DYLIB_CURRENT_VERSION = 1;
				DYLIB_INSTALL_NAME_BASE = "@rpath";
				INFOPLIST_FILE = "$(SRCROOT)/Sources/Info.plist";
				INSTALL_PATH = "$(LOCAL_LIBRARY_DIR)/Frameworks";
				LD_RUNPATH_SEARCH_PATHS = "$(inherited) @executable_path/Frameworks @loader_path/Frameworks";
				PRODUCT_BUNDLE_IDENTIFIER = com.9revolution9.RxStoreKit;
				PRODUCT_NAME = "$(TARGET_NAME)";
				SKIP_INSTALL = YES;
				SWIFT_VERSION = 5.0;
			};
			name = Release;
		};
		DAE4327B1EFA13D90025C54B /* Debug */ = {
			isa = XCBuildConfiguration;
			buildSettings = {
				INFOPLIST_FILE = Tests/Info.plist;
				LD_RUNPATH_SEARCH_PATHS = "$(inherited) @executable_path/Frameworks @loader_path/Frameworks";
				PRODUCT_BUNDLE_IDENTIFIER = com.9revolution9.Tests;
				PRODUCT_NAME = "$(TARGET_NAME)";
				SWIFT_VERSION = 5.0;
			};
			name = Debug;
		};
		DAE4327C1EFA13D90025C54B /* Release */ = {
			isa = XCBuildConfiguration;
			buildSettings = {
				INFOPLIST_FILE = Tests/Info.plist;
				LD_RUNPATH_SEARCH_PATHS = "$(inherited) @executable_path/Frameworks @loader_path/Frameworks";
				PRODUCT_BUNDLE_IDENTIFIER = com.9revolution9.Tests;
				PRODUCT_NAME = "$(TARGET_NAME)";
				SWIFT_VERSION = 5.0;
			};
			name = Release;
		};
/* End XCBuildConfiguration section */

/* Begin XCConfigurationList section */
		DAE432201EFA02FC0025C54B /* Build configuration list for PBXProject "RxStoreKit" */ = {
			isa = XCConfigurationList;
			buildConfigurations = (
				DAE432381EFA02FD0025C54B /* Debug */,
				DAE432391EFA02FD0025C54B /* Release */,
			);
			defaultConfigurationIsVisible = 0;
			defaultConfigurationName = Release;
		};
		DAE4323A1EFA02FD0025C54B /* Build configuration list for PBXNativeTarget "RxStoreKit" */ = {
			isa = XCConfigurationList;
			buildConfigurations = (
				DAE4323B1EFA02FD0025C54B /* Debug */,
				DAE4323C1EFA02FD0025C54B /* Release */,
			);
			defaultConfigurationIsVisible = 0;
			defaultConfigurationName = Release;
		};
		DAE4327A1EFA13D90025C54B /* Build configuration list for PBXNativeTarget "Tests" */ = {
			isa = XCConfigurationList;
			buildConfigurations = (
				DAE4327B1EFA13D90025C54B /* Debug */,
				DAE4327C1EFA13D90025C54B /* Release */,
			);
			defaultConfigurationIsVisible = 0;
			defaultConfigurationName = Release;
		};
/* End XCConfigurationList section */
	};
	rootObject = DAE4321D1EFA02FC0025C54B /* Project object */;
}
